
Microsoft Visual Studio Solution File, Format Version 12.00
# Visual Studio Version 17
VisualStudioVersion = 17.10.35013.160
MinimumVisualStudioVersion = 10.0.40219.1
Project("{FAE04EC0-301F-11D3-BF4B-00C04F79EFBC}") = "CSharpCodingQuestions", "CSharpCodingQuestions\CSharpCodingQuestions.csproj", "{920ECBCE-66AD-4AA0-B58D-D57419ED8929}"
EndProject
Global
	GlobalSection(SolutionConfigurationPlatforms) = preSolution
		Debug|Any CPU = Debug|Any CPU
		Release|Any CPU = Release|Any CPU
	EndGlobalSection
	GlobalSection(ProjectConfigurationPlatforms) = postSolution
		{920ECBCE-66AD-4AA0-B58D-D57419ED8929}.Debug|Any CPU.ActiveCfg = Debug|Any CPU
		{920ECBCE-66AD-4AA0-B58D-D57419ED8929}.Debug|Any CPU.Build.0 = Debug|Any CPU
		{920ECBCE-66AD-4AA0-B58D-D57419ED8929}.Release|Any CPU.ActiveCfg = Release|Any CPU
		{920ECBCE-66AD-4AA0-B58D-D57419ED8929}.Release|Any CPU.Build.0 = Release|Any CPU
	EndGlobalSection
	GlobalSection(SolutionProperties) = preSolution
		HideSolutionNode = FALSE
	EndGlobalSection
	GlobalSection(ExtensibilityGlobals) = postSolution
		SolutionGuid = {A1CD19D3-3420-48A9-8B9D-F70A352B9AC6}
	EndGlobalSection
EndGlobal
